<?xml version="1.0" encoding="utf-8"?>
<Project ToolsVersion="4.0" xmlns="http://schemas.microsoft.com/developer/msbuild/2003">
  <ItemGroup>
    <Filter Include="源文件">
      <UniqueIdentifier>{4FC737F1-C7A5-4376-A066-2A32D752A2FF}</UniqueIdentifier>
      <Extensions>cpp;c;cc;cxx;c++;cppm;ixx;def;odl;idl;hpj;bat;asm;asmx</Extensions>
    </Filter>
    <Filter Include="头文件">
      <UniqueIdentifier>{93995380-89BD-4b04-88EB-625FBE52EBFB}</UniqueIdentifier>
      <Extensions>h;hh;hpp;hxx;h++;hm;inl;inc;ipp;xsd</Extensions>
    </Filter>
    <Filter Include="资源文件">
      <UniqueIdentifier>{67DA6AB6-F800-4c08-8B7A-83BB121AAD01}</UniqueIdentifier>
      <Extensions>rc;ico;cur;bmp;dlg;rc2;rct;bin;rgs;gif;jpg;jpeg;jpe;resx;tiff;tif;png;wav;mfcribbon-ms</Extensions>
    </Filter>
    <Filter Include="源文件\Utils">
      <UniqueIdentifier>{119d2ca8-cc5e-4a0a-8541-d8fcf309c9ca}</UniqueIdentifier>
    </Filter>
    <Filter Include="头文件\Utils">
      <UniqueIdentifier>{7c6eca51-0465-4507-aea2-a82473457ec8}</UniqueIdentifier>
    </Filter>
    <Filter Include="头文件\Core">
      <UniqueIdentifier>{10c06c24-93e6-4ed0-a699-728aa4953920}</UniqueIdentifier>
    </Filter>
    <Filter Include="源文件\Core">
      <UniqueIdentifier>{8c33459a-dcc4-47f7-bd2b-33e166423be2}</UniqueIdentifier>
    </Filter>
  </ItemGroup>
  <ItemGroup>
    <ClInclude Include="framework.h">
      <Filter>头文件</Filter>
    </ClInclude>
    <ClInclude Include="pch.h">
      <Filter>头文件</Filter>
    </ClInclude>
    <ClInclude Include="CDPI.h">
      <Filter>头文件\Utils</Filter>
    </ClInclude>
    <ClInclude Include="UIDialogBuilder.h">
      <Filter>头文件\Core</Filter>
    </ClInclude>
    <ClInclude Include="UIControl.h">
      <Filter>头文件\Core</Filter>
    </ClInclude>
    <ClInclude Include="UIPaintManager.h">
      <Filter>头文件\Core</Filter>
    </ClInclude>
    <ClInclude Include="UIDefine.h">
      <Filter>头文件</Filter>
    </ClInclude>
    <ClInclude Include="UIWindowBase.h">
      <Filter>头文件\Core</Filter>
    </ClInclude>
    <ClInclude Include="WingAPP.h">
      <Filter>头文件\Utils</Filter>
    </ClInclude>
    <ClInclude Include="UIMessagePipe.h">
      <Filter>头文件\Core</Filter>
    </ClInclude>
    <ClInclude Include="UIBase.h">
      <Filter>头文件\Core</Filter>
    </ClInclude>
  </ItemGroup>
  <ItemGroup>
    <ClCompile Include="dllmain.cpp">
      <Filter>源文件</Filter>
    </ClCompile>
    <ClCompile Include="pch.cpp">
      <Filter>源文件</Filter>
    </ClCompile>
    <ClCompile Include="CDPI.cpp">
      <Filter>源文件\Utils</Filter>
    </ClCompile>
    <ClCompile Include="UIDialogBuilder.cpp">
      <Filter>源文件\Core</Filter>
    </ClCompile>
    <ClCompile Include="UIControl.cpp">
      <Filter>源文件\Core</Filter>
    </ClCompile>
    <ClCompile Include="UIPaintManager.cpp">
      <Filter>源文件\Core</Filter>
    </ClCompile>
    <ClCompile Include="UIWindowBase.cpp">
      <Filter>源文件\Core</Filter>
    </ClCompile>
    <ClCompile Include="WingAPP.cpp">
      <Filter>源文件\Utils</Filter>
    </ClCompile>
    <ClCompile Include="UIBase.cpp">
      <Filter>源文件\Core</Filter>
    </ClCompile>
    <ClCompile Include="UIMessagePipe.cpp">
      <Filter>源文件\Core</Filter>
    </ClCompile>
  </ItemGroup>
</Project>